// !$*UTF8*$!
{
	archiveVersion = 1;
	classes = {
	};
	objectVersion = 46;
	objects = {

/* Begin PBXBuildFile section */
		C61CAEE318F4C36C00CD9A84 /* IMG_0351.png in Resources */ = {isa = PBXBuildFile; fileRef = C61CAEE218F4C36C00CD9A84 /* IMG_0351.png */; };
		C61CAEE718F4D3B000CD9A84 /* IJTSkillsViewController.m in Sources */ = {isa = PBXBuildFile; fileRef = C61CAEE618F4D3B000CD9A84 /* IJTSkillsViewController.m */; };
		C61CAEE918F4E08E00CD9A84 /* up-128.png in Resources */ = {isa = PBXBuildFile; fileRef = C61CAEE818F4E08E00CD9A84 /* up-128.png */; };
		C61CAEEB18F4ED3500CD9A84 /* logo-2.png in Resources */ = {isa = PBXBuildFile; fileRef = C61CAEEA18F4ED3500CD9A84 /* logo-2.png */; };
		C64B5BA518F351D3006FC9C7 /* _71H5096_1.jpg in Resources */ = {isa = PBXBuildFile; fileRef = C64B5BA418F351D3006FC9C7 /* _71H5096_1.jpg */; };
		C64B5BA818F35237006FC9C7 /* FXBlurView.m in Sources */ = {isa = PBXBuildFile; fileRef = C64B5BA718F35237006FC9C7 /* FXBlurView.m */; };
		C64B5BAE18F356DB006FC9C7 /* ScaleBounceController.m in Sources */ = {isa = PBXBuildFile; fileRef = C64B5BAD18F356DB006FC9C7 /* ScaleBounceController.m */; };
		C64B5BB118F356E9006FC9C7 /* SKBounceAnimation.m in Sources */ = {isa = PBXBuildFile; fileRef = C64B5BB018F356E9006FC9C7 /* SKBounceAnimation.m */; };
		C64B5BB318F35FC0006FC9C7 /* clock-128.png in Resources */ = {isa = PBXBuildFile; fileRef = C64B5BB218F35FC0006FC9C7 /* clock-128.png */; };
		C64B5BB518F36009006FC9C7 /* school-128.png in Resources */ = {isa = PBXBuildFile; fileRef = C64B5BB418F36009006FC9C7 /* school-128.png */; };
		C64B5BB718F36023006FC9C7 /* stack_of_photos-128.png in Resources */ = {isa = PBXBuildFile; fileRef = C64B5BB618F36023006FC9C7 /* stack_of_photos-128.png */; };
		C64B5BB918F36041006FC9C7 /* trophy-128.png in Resources */ = {isa = PBXBuildFile; fileRef = C64B5BB818F36041006FC9C7 /* trophy-128.png */; };
		C64B5BCE18F36114006FC9C7 /* toolbox-128.png in Resources */ = {isa = PBXBuildFile; fileRef = C64B5BCD18F36114006FC9C7 /* toolbox-128.png */; };
		C67BC8D218EE03A500B426A3 /* wwdc.png in Resources */ = {isa = PBXBuildFile; fileRef = C67BC8D118EE03A500B426A3 /* wwdc.png */; };
		C67BC8D518EE058D00B426A3 /* bobble.png in Resources */ = {isa = PBXBuildFile; fileRef = C67BC8D418EE058D00B426A3 /* bobble.png */; };
		C67BC8DA18EE0CB200B426A3 /* PullableView.m in Sources */ = {isa = PBXBuildFile; fileRef = C67BC8D918EE0CB200B426A3 /* PullableView.m */; settings = {COMPILER_FLAGS = "-fno-objc-arc"; }; };
		C67BC8E018EE11CF00B426A3 /* IJTBottomView.m in Sources */ = {isa = PBXBuildFile; fileRef = C67BC8DF18EE11CF00B426A3 /* IJTBottomView.m */; };
		C67BC8E318EE259300B426A3 /* IJTMyWebsiteViewController.m in Sources */ = {isa = PBXBuildFile; fileRef = C67BC8E218EE259300B426A3 /* IJTMyWebsiteViewController.m */; };
		C67BC8E618EE371D00B426A3 /* IJTLifeEventsDataSource.m in Sources */ = {isa = PBXBuildFile; fileRef = C67BC8E518EE371D00B426A3 /* IJTLifeEventsDataSource.m */; };
		C67BC8E918EE388A00B426A3 /* IJTLifeEventObject.m in Sources */ = {isa = PBXBuildFile; fileRef = C67BC8E818EE388A00B426A3 /* IJTLifeEventObject.m */; };
		C67BC8EC18EE3EFA00B426A3 /* IJTBottomViewController.m in Sources */ = {isa = PBXBuildFile; fileRef = C67BC8EB18EE3EFA00B426A3 /* IJTBottomViewController.m */; };
		C67BC8F918EE721000B426A3 /* 1483631_571364619598923_1123829356_o.jpg in Resources */ = {isa = PBXBuildFile; fileRef = C67BC8F818EE721000B426A3 /* 1483631_571364619598923_1123829356_o.jpg */; };
		C67BC8FC18EF4EBE00B426A3 /* IJTUnlockViewController.m in Sources */ = {isa = PBXBuildFile; fileRef = C67BC8FB18EF4EBE00B426A3 /* IJTUnlockViewController.m */; };
		C6A558CA18F385C4002FC33A /* sail_boat-128.png in Resources */ = {isa = PBXBuildFile; fileRef = C6A558C918F385C4002FC33A /* sail_boat-128.png */; };
		C6A558CC18F38631002FC33A /* user_male3-128.png in Resources */ = {isa = PBXBuildFile; fileRef = C6A558CB18F38631002FC33A /* user_male3-128.png */; };
		C6A558D018F39A8C002FC33A /* IJTAboutMeViewController.m in Sources */ = {isa = PBXBuildFile; fileRef = C6A558CF18F39A8C002FC33A /* IJTAboutMeViewController.m */; };
		C6A558D418F490C7002FC33A /* IJTMyLocationViewController.m in Sources */ = {isa = PBXBuildFile; fileRef = C6A558D318F490C7002FC33A /* IJTMyLocationViewController.m */; };
		C6A558D718F490F3002FC33A /* IJTSpecialOlympicsViewController.m in Sources */ = {isa = PBXBuildFile; fileRef = C6A558D618F490F3002FC33A /* IJTSpecialOlympicsViewController.m */; };
		C6A558DA18F49102002FC33A /* IJTMyAgeViewController.m in Sources */ = {isa = PBXBuildFile; fileRef = C6A558D918F49102002FC33A /* IJTMyAgeViewController.m */; };
		C6A558DD18F49120002FC33A /* IJTSailingInstructorViewController.m in Sources */ = {isa = PBXBuildFile; fileRef = C6A558DC18F49120002FC33A /* IJTSailingInstructorViewController.m */; };
		C6A558E018F4913F002FC33A /* IJTVarsitySailingViewController.m in Sources */ = {isa = PBXBuildFile; fileRef = C6A558DF18F4913F002FC33A /* IJTVarsitySailingViewController.m */; };
		C6E4772518F49CBA00C15565 /* CoreLocation.framework in Frameworks */ = {isa = PBXBuildFile; fileRef = C6E4772418F49CBA00C15565 /* CoreLocation.framework */; };
		C6E4772718F49CBF00C15565 /* MapKit.framework in Frameworks */ = {isa = PBXBuildFile; fileRef = C6E4772618F49CBF00C15565 /* MapKit.framework */; };
		C6E4772B18F49D8000C15565 /* IJTMapViewAnnotation.m in Sources */ = {isa = PBXBuildFile; fileRef = C6E4772A18F49D8000C15565 /* IJTMapViewAnnotation.m */; };
		C6E4772F18F4B09500C15565 /* IJTInterestsViewController.m in Sources */ = {isa = PBXBuildFile; fileRef = C6E4772E18F4B09500C15565 /* IJTInterestsViewController.m */; };
		C6E4773318F4B0D600C15565 /* TWRProgressView.m in Sources */ = {isa = PBXBuildFile; fileRef = C6E4773218F4B0D600C15565 /* TWRProgressView.m */; };
		E6F6B10918A7E568002B3092 /* Foundation.framework in Frameworks */ = {isa = PBXBuildFile; fileRef = E6F6B10818A7E568002B3092 /* Foundation.framework */; };
		E6F6B10B18A7E568002B3092 /* CoreGraphics.framework in Frameworks */ = {isa = PBXBuildFile; fileRef = E6F6B10A18A7E568002B3092 /* CoreGraphics.framework */; };
		E6F6B10D18A7E568002B3092 /* UIKit.framework in Frameworks */ = {isa = PBXBuildFile; fileRef = E6F6B10C18A7E568002B3092 /* UIKit.framework */; };
		E6F6B11318A7E568002B3092 /* InfoPlist.strings in Resources */ = {isa = PBXBuildFile; fileRef = E6F6B11118A7E568002B3092 /* InfoPlist.strings */; };
		E6F6B11518A7E568002B3092 /* main.m in Sources */ = {isa = PBXBuildFile; fileRef = E6F6B11418A7E568002B3092 /* main.m */; };
		E6F6B11918A7E568002B3092 /* IJTAppDelegate.m in Sources */ = {isa = PBXBuildFile; fileRef = E6F6B11818A7E568002B3092 /* IJTAppDelegate.m */; };
		E6F6B11C18A7E568002B3092 /* Main.storyboard in Resources */ = {isa = PBXBuildFile; fileRef = E6F6B11A18A7E568002B3092 /* Main.storyboard */; };
		E6F6B11F18A7E568002B3092 /* IJTViewController.m in Sources */ = {isa = PBXBuildFile; fileRef = E6F6B11E18A7E568002B3092 /* IJTViewController.m */; };
		E6F6B12118A7E568002B3092 /* Images.xcassets in Resources */ = {isa = PBXBuildFile; fileRef = E6F6B12018A7E568002B3092 /* Images.xcassets */; };
		E6F6B12818A7E568002B3092 /* XCTest.framework in Frameworks */ = {isa = PBXBuildFile; fileRef = E6F6B12718A7E568002B3092 /* XCTest.framework */; };
		E6F6B12918A7E568002B3092 /* Foundation.framework in Frameworks */ = {isa = PBXBuildFile; fileRef = E6F6B10818A7E568002B3092 /* Foundation.framework */; };
		E6F6B12A18A7E568002B3092 /* UIKit.framework in Frameworks */ = {isa = PBXBuildFile; fileRef = E6F6B10C18A7E568002B3092 /* UIKit.framework */; };
		E6F6B13218A7E568002B3092 /* InfoPlist.strings in Resources */ = {isa = PBXBuildFile; fileRef = E6F6B13018A7E568002B3092 /* InfoPlist.strings */; };
		E6F6B13418A7E568002B3092 /* FlappyBlockTests.m in Sources */ = {isa = PBXBuildFile; fileRef = E6F6B13318A7E568002B3092 /* FlappyBlockTests.m */; };
/* End PBXBuildFile section */

/* Begin PBXContainerItemProxy section */
		E6F6B12B18A7E568002B3092 /* PBXContainerItemProxy */ = {
			isa = PBXContainerItemProxy;
			containerPortal = E6F6B0FD18A7E568002B3092 /* Project object */;
			proxyType = 1;
			remoteGlobalIDString = E6F6B10418A7E568002B3092;
			remoteInfo = FlappyBlock;
		};
/* End PBXContainerItemProxy section */

/* Begin PBXFileReference section */
		C61CAEE218F4C36C00CD9A84 /* IMG_0351.png */ = {isa = PBXFileReference; lastKnownFileType = image.png; path = IMG_0351.png; sourceTree = "<group>"; };
		C61CAEE518F4D3B000CD9A84 /* IJTSkillsViewController.h */ = {isa = PBXFileReference; fileEncoding = 4; lastKnownFileType = sourcecode.c.h; path = IJTSkillsViewController.h; sourceTree = "<group>"; };
		C61CAEE618F4D3B000CD9A84 /* IJTSkillsViewController.m */ = {isa = PBXFileReference; fileEncoding = 4; lastKnownFileType = sourcecode.c.objc; path = IJTSkillsViewController.m; sourceTree = "<group>"; };
		C61CAEE818F4E08E00CD9A84 /* up-128.png */ = {isa = PBXFileReference; lastKnownFileType = image.png; path = "up-128.png"; sourceTree = "<group>"; };
		C61CAEEA18F4ED3500CD9A84 /* logo-2.png */ = {isa = PBXFileReference; lastKnownFileType = image.png; path = "logo-2.png"; sourceTree = "<group>"; };
		C64B5BA418F351D3006FC9C7 /* _71H5096_1.jpg */ = {isa = PBXFileReference; lastKnownFileType = image.jpeg; path = _71H5096_1.jpg; sourceTree = "<group>"; };
		C64B5BA618F35237006FC9C7 /* FXBlurView.h */ = {isa = PBXFileReference; fileEncoding = 4; lastKnownFileType = sourcecode.c.h; path = FXBlurView.h; sourceTree = "<group>"; };
		C64B5BA718F35237006FC9C7 /* FXBlurView.m */ = {isa = PBXFileReference; fileEncoding = 4; lastKnownFileType = sourcecode.c.objc; path = FXBlurView.m; sourceTree = "<group>"; };
		C64B5BAC18F356DB006FC9C7 /* ScaleBounceController.h */ = {isa = PBXFileReference; fileEncoding = 4; lastKnownFileType = sourcecode.c.h; path = ScaleBounceController.h; sourceTree = "<group>"; };
		C64B5BAD18F356DB006FC9C7 /* ScaleBounceController.m */ = {isa = PBXFileReference; fileEncoding = 4; lastKnownFileType = sourcecode.c.objc; path = ScaleBounceController.m; sourceTree = "<group>"; };
		C64B5BAF18F356E9006FC9C7 /* SKBounceAnimation.h */ = {isa = PBXFileReference; fileEncoding = 4; lastKnownFileType = sourcecode.c.h; path = SKBounceAnimation.h; sourceTree = "<group>"; };
		C64B5BB018F356E9006FC9C7 /* SKBounceAnimation.m */ = {isa = PBXFileReference; fileEncoding = 4; lastKnownFileType = sourcecode.c.objc; path = SKBounceAnimation.m; sourceTree = "<group>"; };
		C64B5BB218F35FC0006FC9C7 /* clock-128.png */ = {isa = PBXFileReference; lastKnownFileType = image.png; path = "clock-128.png"; sourceTree = "<group>"; };
		C64B5BB418F36009006FC9C7 /* school-128.png */ = {isa = PBXFileReference; lastKnownFileType = image.png; path = "school-128.png"; sourceTree = "<group>"; };
		C64B5BB618F36023006FC9C7 /* stack_of_photos-128.png */ = {isa = PBXFileReference; lastKnownFileType = image.png; path = "stack_of_photos-128.png"; sourceTree = "<group>"; };
		C64B5BB818F36041006FC9C7 /* trophy-128.png */ = {isa = PBXFileReference; lastKnownFileType = image.png; path = "trophy-128.png"; sourceTree = "<group>"; };
		C64B5BCD18F36114006FC9C7 /* toolbox-128.png */ = {isa = PBXFileReference; lastKnownFileType = image.png; path = "toolbox-128.png"; sourceTree = "<group>"; };
		C67BC8D118EE03A500B426A3 /* wwdc.png */ = {isa = PBXFileReference; lastKnownFileType = image.png; path = wwdc.png; sourceTree = "<group>"; };
		C67BC8D418EE058D00B426A3 /* bobble.png */ = {isa = PBXFileReference; lastKnownFileType = image.png; path = bobble.png; sourceTree = "<group>"; };
		C67BC8D818EE0CB200B426A3 /* PullableView.h */ = {isa = PBXFileReference; fileEncoding = 4; lastKnownFileType = sourcecode.c.h; path = PullableView.h; sourceTree = "<group>"; };
		C67BC8D918EE0CB200B426A3 /* PullableView.m */ = {isa = PBXFileReference; fileEncoding = 4; lastKnownFileType = sourcecode.c.objc; path = PullableView.m; sourceTree = "<group>"; };
		C67BC8DE18EE11CF00B426A3 /* IJTBottomView.h */ = {isa = PBXFileReference; fileEncoding = 4; lastKnownFileType = sourcecode.c.h; path = IJTBottomView.h; sourceTree = "<group>"; };
		C67BC8DF18EE11CF00B426A3 /* IJTBottomView.m */ = {isa = PBXFileReference; fileEncoding = 4; lastKnownFileType = sourcecode.c.objc; path = IJTBottomView.m; sourceTree = "<group>"; };
		C67BC8E118EE259300B426A3 /* IJTMyWebsiteViewController.h */ = {isa = PBXFileReference; fileEncoding = 4; lastKnownFileType = sourcecode.c.h; path = IJTMyWebsiteViewController.h; sourceTree = "<group>"; };
		C67BC8E218EE259300B426A3 /* IJTMyWebsiteViewController.m */ = {isa = PBXFileReference; fileEncoding = 4; lastKnownFileType = sourcecode.c.objc; path = IJTMyWebsiteViewController.m; sourceTree = "<group>"; };
		C67BC8E418EE371D00B426A3 /* IJTLifeEventsDataSource.h */ = {isa = PBXFileReference; fileEncoding = 4; lastKnownFileType = sourcecode.c.h; path = IJTLifeEventsDataSource.h; sourceTree = "<group>"; };
		C67BC8E518EE371D00B426A3 /* IJTLifeEventsDataSource.m */ = {isa = PBXFileReference; fileEncoding = 4; lastKnownFileType = sourcecode.c.objc; path = IJTLifeEventsDataSource.m; sourceTree = "<group>"; };
		C67BC8E718EE388A00B426A3 /* IJTLifeEventObject.h */ = {isa = PBXFileReference; fileEncoding = 4; lastKnownFileType = sourcecode.c.h; path = IJTLifeEventObject.h; sourceTree = "<group>"; };
		C67BC8E818EE388A00B426A3 /* IJTLifeEventObject.m */ = {isa = PBXFileReference; fileEncoding = 4; lastKnownFileType = sourcecode.c.objc; path = IJTLifeEventObject.m; sourceTree = "<group>"; };
		C67BC8EA18EE3EFA00B426A3 /* IJTBottomViewController.h */ = {isa = PBXFileReference; fileEncoding = 4; lastKnownFileType = sourcecode.c.h; path = IJTBottomViewController.h; sourceTree = "<group>"; };
		C67BC8EB18EE3EFA00B426A3 /* IJTBottomViewController.m */ = {isa = PBXFileReference; fileEncoding = 4; lastKnownFileType = sourcecode.c.objc; path = IJTBottomViewController.m; sourceTree = "<group>"; };
		C67BC8F818EE721000B426A3 /* 1483631_571364619598923_1123829356_o.jpg */ = {isa = PBXFileReference; lastKnownFileType = image.jpeg; path = 1483631_571364619598923_1123829356_o.jpg; sourceTree = "<group>"; };
		C67BC8FA18EF4EBE00B426A3 /* IJTUnlockViewController.h */ = {isa = PBXFileReference; fileEncoding = 4; lastKnownFileType = sourcecode.c.h; path = IJTUnlockViewController.h; sourceTree = "<group>"; };
		C67BC8FB18EF4EBE00B426A3 /* IJTUnlockViewController.m */ = {isa = PBXFileReference; fileEncoding = 4; lastKnownFileType = sourcecode.c.objc; path = IJTUnlockViewController.m; sourceTree = "<group>"; };
		C6A558C918F385C4002FC33A /* sail_boat-128.png */ = {isa = PBXFileReference; lastKnownFileType = image.png; path = "sail_boat-128.png"; sourceTree = "<group>"; };
		C6A558CB18F38631002FC33A /* user_male3-128.png */ = {isa = PBXFileReference; lastKnownFileType = image.png; path = "user_male3-128.png"; sourceTree = "<group>"; };
		C6A558CE18F39A8C002FC33A /* IJTAboutMeViewController.h */ = {isa = PBXFileReference; fileEncoding = 4; lastKnownFileType = sourcecode.c.h; path = IJTAboutMeViewController.h; sourceTree = "<group>"; };
		C6A558CF18F39A8C002FC33A /* IJTAboutMeViewController.m */ = {isa = PBXFileReference; fileEncoding = 4; lastKnownFileType = sourcecode.c.objc; path = IJTAboutMeViewController.m; sourceTree = "<group>"; };
		C6A558D218F490C7002FC33A /* IJTMyLocationViewController.h */ = {isa = PBXFileReference; fileEncoding = 4; lastKnownFileType = sourcecode.c.h; path = IJTMyLocationViewController.h; sourceTree = "<group>"; };
		C6A558D318F490C7002FC33A /* IJTMyLocationViewController.m */ = {isa = PBXFileReference; fileEncoding = 4; lastKnownFileType = sourcecode.c.objc; path = IJTMyLocationViewController.m; sourceTree = "<group>"; };
		C6A558D518F490F3002FC33A /* IJTSpecialOlympicsViewController.h */ = {isa = PBXFileReference; fileEncoding = 4; lastKnownFileType = sourcecode.c.h; path = IJTSpecialOlympicsViewController.h; sourceTree = "<group>"; };
		C6A558D618F490F3002FC33A /* IJTSpecialOlympicsViewController.m */ = {isa = PBXFileReference; fileEncoding = 4; lastKnownFileType = sourcecode.c.objc; path = IJTSpecialOlympicsViewController.m; sourceTree = "<group>"; };
		C6A558D818F49102002FC33A /* IJTMyAgeViewController.h */ = {isa = PBXFileReference; fileEncoding = 4; lastKnownFileType = sourcecode.c.h; path = IJTMyAgeViewController.h; sourceTree = "<group>"; };
		C6A558D918F49102002FC33A /* IJTMyAgeViewController.m */ = {isa = PBXFileReference; fileEncoding = 4; lastKnownFileType = sourcecode.c.objc; path = IJTMyAgeViewController.m; sourceTree = "<group>"; };
		C6A558DB18F49120002FC33A /* IJTSailingInstructorViewController.h */ = {isa = PBXFileReference; fileEncoding = 4; lastKnownFileType = sourcecode.c.h; path = IJTSailingInstructorViewController.h; sourceTree = "<group>"; };
		C6A558DC18F49120002FC33A /* IJTSailingInstructorViewController.m */ = {isa = PBXFileReference; fileEncoding = 4; lastKnownFileType = sourcecode.c.objc; path = IJTSailingInstructorViewController.m; sourceTree = "<group>"; };
		C6A558DE18F4913F002FC33A /* IJTVarsitySailingViewController.h */ = {isa = PBXFileReference; fileEncoding = 4; lastKnownFileType = sourcecode.c.h; path = IJTVarsitySailingViewController.h; sourceTree = "<group>"; };
		C6A558DF18F4913F002FC33A /* IJTVarsitySailingViewController.m */ = {isa = PBXFileReference; fileEncoding = 4; lastKnownFileType = sourcecode.c.objc; path = IJTVarsitySailingViewController.m; sourceTree = "<group>"; };
		C6E4772418F49CBA00C15565 /* CoreLocation.framework */ = {isa = PBXFileReference; lastKnownFileType = wrapper.framework; name = CoreLocation.framework; path = System/Library/Frameworks/CoreLocation.framework; sourceTree = SDKROOT; };
		C6E4772618F49CBF00C15565 /* MapKit.framework */ = {isa = PBXFileReference; lastKnownFileType = wrapper.framework; name = MapKit.framework; path = System/Library/Frameworks/MapKit.framework; sourceTree = SDKROOT; };
		C6E4772918F49D8000C15565 /* IJTMapViewAnnotation.h */ = {isa = PBXFileReference; fileEncoding = 4; lastKnownFileType = sourcecode.c.h; path = IJTMapViewAnnotation.h; sourceTree = "<group>"; };
		C6E4772A18F49D8000C15565 /* IJTMapViewAnnotation.m */ = {isa = PBXFileReference; fileEncoding = 4; lastKnownFileType = sourcecode.c.objc; path = IJTMapViewAnnotation.m; sourceTree = "<group>"; };
		C6E4772D18F4B09500C15565 /* IJTInterestsViewController.h */ = {isa = PBXFileReference; fileEncoding = 4; lastKnownFileType = sourcecode.c.h; path = IJTInterestsViewController.h; sourceTree = "<group>"; };
		C6E4772E18F4B09500C15565 /* IJTInterestsViewController.m */ = {isa = PBXFileReference; fileEncoding = 4; lastKnownFileType = sourcecode.c.objc; path = IJTInterestsViewController.m; sourceTree = "<group>"; };
		C6E4773118F4B0D600C15565 /* TWRProgressView.h */ = {isa = PBXFileReference; fileEncoding = 4; lastKnownFileType = sourcecode.c.h; path = TWRProgressView.h; sourceTree = "<group>"; };
		C6E4773218F4B0D600C15565 /* TWRProgressView.m */ = {isa = PBXFileReference; fileEncoding = 4; lastKnownFileType = sourcecode.c.objc; path = TWRProgressView.m; sourceTree = "<group>"; };
		E6F6B10518A7E568002B3092 /* IsaiahJTurner.app */ = {isa = PBXFileReference; explicitFileType = wrapper.application; includeInIndex = 0; path = IsaiahJTurner.app; sourceTree = BUILT_PRODUCTS_DIR; };
		E6F6B10818A7E568002B3092 /* Foundation.framework */ = {isa = PBXFileReference; lastKnownFileType = wrapper.framework; name = Foundation.framework; path = System/Library/Frameworks/Foundation.framework; sourceTree = SDKROOT; };
		E6F6B10A18A7E568002B3092 /* CoreGraphics.framework */ = {isa = PBXFileReference; lastKnownFileType = wrapper.framework; name = CoreGraphics.framework; path = System/Library/Frameworks/CoreGraphics.framework; sourceTree = SDKROOT; };
		E6F6B10C18A7E568002B3092 /* UIKit.framework */ = {isa = PBXFileReference; lastKnownFileType = wrapper.framework; name = UIKit.framework; path = System/Library/Frameworks/UIKit.framework; sourceTree = SDKROOT; };
		E6F6B11018A7E568002B3092 /* IsaiahJTurner-Info.plist */ = {isa = PBXFileReference; lastKnownFileType = text.plist.xml; path = "IsaiahJTurner-Info.plist"; sourceTree = "<group>"; };
		E6F6B11218A7E568002B3092 /* en */ = {isa = PBXFileReference; lastKnownFileType = text.plist.strings; name = en; path = en.lproj/InfoPlist.strings; sourceTree = "<group>"; };
		E6F6B11418A7E568002B3092 /* main.m */ = {isa = PBXFileReference; lastKnownFileType = sourcecode.c.objc; path = main.m; sourceTree = "<group>"; };
		E6F6B11618A7E568002B3092 /* IsaiahJTurner-Prefix.pch */ = {isa = PBXFileReference; lastKnownFileType = sourcecode.c.h; path = "IsaiahJTurner-Prefix.pch"; sourceTree = "<group>"; };
		E6F6B11718A7E568002B3092 /* IJTAppDelegate.h */ = {isa = PBXFileReference; lastKnownFileType = sourcecode.c.h; path = IJTAppDelegate.h; sourceTree = "<group>"; };
		E6F6B11818A7E568002B3092 /* IJTAppDelegate.m */ = {isa = PBXFileReference; lastKnownFileType = sourcecode.c.objc; path = IJTAppDelegate.m; sourceTree = "<group>"; };
		E6F6B11B18A7E568002B3092 /* Base */ = {isa = PBXFileReference; lastKnownFileType = file.storyboard; name = Base; path = Base.lproj/Main.storyboard; sourceTree = "<group>"; };
		E6F6B11D18A7E568002B3092 /* IJTViewController.h */ = {isa = PBXFileReference; lastKnownFileType = sourcecode.c.h; path = IJTViewController.h; sourceTree = "<group>"; };
		E6F6B11E18A7E568002B3092 /* IJTViewController.m */ = {isa = PBXFileReference; lastKnownFileType = sourcecode.c.objc; path = IJTViewController.m; sourceTree = "<group>"; };
		E6F6B12018A7E568002B3092 /* Images.xcassets */ = {isa = PBXFileReference; lastKnownFileType = folder.assetcatalog; path = Images.xcassets; sourceTree = "<group>"; };
		E6F6B12618A7E568002B3092 /* IsaiahJTurnerTests.xctest */ = {isa = PBXFileReference; explicitFileType = wrapper.cfbundle; includeInIndex = 0; path = IsaiahJTurnerTests.xctest; sourceTree = BUILT_PRODUCTS_DIR; };
		E6F6B12718A7E568002B3092 /* XCTest.framework */ = {isa = PBXFileReference; lastKnownFileType = wrapper.framework; name = XCTest.framework; path = Library/Frameworks/XCTest.framework; sourceTree = DEVELOPER_DIR; };
		E6F6B12F18A7E568002B3092 /* IsaiahJTurnerTests-Info.plist */ = {isa = PBXFileReference; lastKnownFileType = text.plist.xml; path = "IsaiahJTurnerTests-Info.plist"; sourceTree = "<group>"; };
		E6F6B13118A7E568002B3092 /* en */ = {isa = PBXFileReference; lastKnownFileType = text.plist.strings; name = en; path = en.lproj/InfoPlist.strings; sourceTree = "<group>"; };
		E6F6B13318A7E568002B3092 /* FlappyBlockTests.m */ = {isa = PBXFileReference; lastKnownFileType = sourcecode.c.objc; path = FlappyBlockTests.m; sourceTree = "<group>"; };
/* End PBXFileReference section */

/* Begin PBXFrameworksBuildPhase section */
		E6F6B10218A7E568002B3092 /* Frameworks */ = {
			isa = PBXFrameworksBuildPhase;
			buildActionMask = 2147483647;
			files = (
				C6E4772718F49CBF00C15565 /* MapKit.framework in Frameworks */,
				C6E4772518F49CBA00C15565 /* CoreLocation.framework in Frameworks */,
				E6F6B10B18A7E568002B3092 /* CoreGraphics.framework in Frameworks */,
				E6F6B10D18A7E568002B3092 /* UIKit.framework in Frameworks */,
				E6F6B10918A7E568002B3092 /* Foundation.framework in Frameworks */,
			);
			runOnlyForDeploymentPostprocessing = 0;
		};
		E6F6B12318A7E568002B3092 /* Frameworks */ = {
			isa = PBXFrameworksBuildPhase;
			buildActionMask = 2147483647;
			files = (
				E6F6B12818A7E568002B3092 /* XCTest.framework in Frameworks */,
				E6F6B12A18A7E568002B3092 /* UIKit.framework in Frameworks */,
				E6F6B12918A7E568002B3092 /* Foundation.framework in Frameworks */,
			);
			runOnlyForDeploymentPostprocessing = 0;
		};
/* End PBXFrameworksBuildPhase section */

/* Begin PBXGroup section */
		C61CAEE418F4D39D00CD9A84 /* Skills */ = {
			isa = PBXGroup;
			children = (
				C61CAEE518F4D3B000CD9A84 /* IJTSkillsViewController.h */,
				C61CAEE618F4D3B000CD9A84 /* IJTSkillsViewController.m */,
			);
			name = Skills;
			sourceTree = "<group>";
		};
		C64B5BAB18F356C7006FC9C7 /* SKBounceAnimation */ = {
			isa = PBXGroup;
			children = (
				C64B5BAF18F356E9006FC9C7 /* SKBounceAnimation.h */,
				C64B5BB018F356E9006FC9C7 /* SKBounceAnimation.m */,
				C64B5BAC18F356DB006FC9C7 /* ScaleBounceController.h */,
				C64B5BAD18F356DB006FC9C7 /* ScaleBounceController.m */,
			);
			name = SKBounceAnimation;
			sourceTree = "<group>";
		};
		C67BC8D318EE03B100B426A3 /* Images */ = {
			isa = PBXGroup;
			children = (
				C67BC8D418EE058D00B426A3 /* bobble.png */,
				C67BC8D118EE03A500B426A3 /* wwdc.png */,
			);
			name = Images;
			sourceTree = "<group>";
		};
		C67BC8D618EE0C9900B426A3 /* Libraries */ = {
			isa = PBXGroup;
			children = (
				C6E4773018F4B0D600C15565 /* TWRProgressView */,
				C64B5BAB18F356C7006FC9C7 /* SKBounceAnimation */,
				C67BC8F418EE6FA100B426A3 /* FXBlurView */,
				C67BC8D718EE0CA600B426A3 /* PullableView */,
			);
			name = Libraries;
			sourceTree = "<group>";
		};
		C67BC8D718EE0CA600B426A3 /* PullableView */ = {
			isa = PBXGroup;
			children = (
				C67BC8D818EE0CB200B426A3 /* PullableView.h */,
				C67BC8D918EE0CB200B426A3 /* PullableView.m */,
			);
			name = PullableView;
			sourceTree = "<group>";
		};
		C67BC8ED18EE6EF400B426A3 /* Views */ = {
			isa = PBXGroup;
			children = (
				C61CAEEA18F4ED3500CD9A84 /* logo-2.png */,
				C61CAEE418F4D39D00CD9A84 /* Skills */,
				C6E4772C18F4B07D00C15565 /* Interests */,
				C6A558CD18F39A77002FC33A /* About Me */,
				C67BC8F318EE6F6300B426A3 /* Finished Prompt */,
				C67BC8F218EE6F5700B426A3 /* Main Menu */,
				C67BC8F118EE6F4200B426A3 /* My Website */,
				C67BC8EF18EE6F0F00B426A3 /* Time Flies */,
			);
			name = Views;
			sourceTree = "<group>";
		};
		C67BC8EE18EE6F0000B426A3 /* Core Files */ = {
			isa = PBXGroup;
			children = (
				E6F6B11718A7E568002B3092 /* IJTAppDelegate.h */,
				E6F6B11818A7E568002B3092 /* IJTAppDelegate.m */,
				E6F6B11A18A7E568002B3092 /* Main.storyboard */,
			);
			name = "Core Files";
			sourceTree = "<group>";
		};
		C67BC8EF18EE6F0F00B426A3 /* Time Flies */ = {
			isa = PBXGroup;
			children = (
				C61CAEE818F4E08E00CD9A84 /* up-128.png */,
				E6F6B11D18A7E568002B3092 /* IJTViewController.h */,
				E6F6B11E18A7E568002B3092 /* IJTViewController.m */,
				C67BC8F018EE6F1900B426A3 /* Models */,
			);
			name = "Time Flies";
			sourceTree = "<group>";
		};
		C67BC8F018EE6F1900B426A3 /* Models */ = {
			isa = PBXGroup;
			children = (
				C67BC8E418EE371D00B426A3 /* IJTLifeEventsDataSource.h */,
				C67BC8E518EE371D00B426A3 /* IJTLifeEventsDataSource.m */,
				C67BC8E718EE388A00B426A3 /* IJTLifeEventObject.h */,
				C67BC8E818EE388A00B426A3 /* IJTLifeEventObject.m */,
				C67BC8EA18EE3EFA00B426A3 /* IJTBottomViewController.h */,
				C67BC8EB18EE3EFA00B426A3 /* IJTBottomViewController.m */,
				C67BC8DE18EE11CF00B426A3 /* IJTBottomView.h */,
				C67BC8DF18EE11CF00B426A3 /* IJTBottomView.m */,
			);
			name = Models;
			sourceTree = "<group>";
		};
		C67BC8F118EE6F4200B426A3 /* My Website */ = {
			isa = PBXGroup;
			children = (
				C67BC8E118EE259300B426A3 /* IJTMyWebsiteViewController.h */,
				C67BC8E218EE259300B426A3 /* IJTMyWebsiteViewController.m */,
			);
			name = "My Website";
			sourceTree = "<group>";
		};
		C67BC8F218EE6F5700B426A3 /* Main Menu */ = {
			isa = PBXGroup;
			children = (
				C61CAEE218F4C36C00CD9A84 /* IMG_0351.png */,
				C6A558CB18F38631002FC33A /* user_male3-128.png */,
				C6A558C918F385C4002FC33A /* sail_boat-128.png */,
				C64B5BCD18F36114006FC9C7 /* toolbox-128.png */,
				C64B5BB818F36041006FC9C7 /* trophy-128.png */,
				C64B5BB618F36023006FC9C7 /* stack_of_photos-128.png */,
				C64B5BB418F36009006FC9C7 /* school-128.png */,
				C64B5BB218F35FC0006FC9C7 /* clock-128.png */,
				C64B5BA418F351D3006FC9C7 /* _71H5096_1.jpg */,
				C67BC8F818EE721000B426A3 /* 1483631_571364619598923_1123829356_o.jpg */,
				C67BC8FB18EF4EBE00B426A3 /* IJTUnlockViewController.m */,
				C67BC8FA18EF4EBE00B426A3 /* IJTUnlockViewController.h */,
			);
			name = "Main Menu";
			sourceTree = "<group>";
		};
		C67BC8F318EE6F6300B426A3 /* Finished Prompt */ = {
			isa = PBXGroup;
			children = (
			);
			name = "Finished Prompt";
			sourceTree = "<group>";
		};
		C67BC8F418EE6FA100B426A3 /* FXBlurView */ = {
			isa = PBXGroup;
			children = (
				C64B5BA618F35237006FC9C7 /* FXBlurView.h */,
				C64B5BA718F35237006FC9C7 /* FXBlurView.m */,
			);
			name = FXBlurView;
			sourceTree = "<group>";
		};
		C6A558CD18F39A77002FC33A /* About Me */ = {
			isa = PBXGroup;
			children = (
				C6A558D118F490B3002FC33A /* SubViewControllers */,
				C6A558CE18F39A8C002FC33A /* IJTAboutMeViewController.h */,
				C6A558CF18F39A8C002FC33A /* IJTAboutMeViewController.m */,
			);
			name = "About Me";
			sourceTree = "<group>";
		};
		C6A558D118F490B3002FC33A /* SubViewControllers */ = {
			isa = PBXGroup;
			children = (
				C6E4772818F49D6300C15565 /* Objects */,
				C6A558D218F490C7002FC33A /* IJTMyLocationViewController.h */,
				C6A558D318F490C7002FC33A /* IJTMyLocationViewController.m */,
				C6A558D518F490F3002FC33A /* IJTSpecialOlympicsViewController.h */,
				C6A558D618F490F3002FC33A /* IJTSpecialOlympicsViewController.m */,
				C6A558D818F49102002FC33A /* IJTMyAgeViewController.h */,
				C6A558D918F49102002FC33A /* IJTMyAgeViewController.m */,
				C6A558DB18F49120002FC33A /* IJTSailingInstructorViewController.h */,
				C6A558DC18F49120002FC33A /* IJTSailingInstructorViewController.m */,
				C6A558DE18F4913F002FC33A /* IJTVarsitySailingViewController.h */,
				C6A558DF18F4913F002FC33A /* IJTVarsitySailingViewController.m */,
			);
			name = SubViewControllers;
			sourceTree = "<group>";
		};
		C6E4772818F49D6300C15565 /* Objects */ = {
			isa = PBXGroup;
			children = (
				C6E4772918F49D8000C15565 /* IJTMapViewAnnotation.h */,
				C6E4772A18F49D8000C15565 /* IJTMapViewAnnotation.m */,
			);
			name = Objects;
			sourceTree = "<group>";
		};
		C6E4772C18F4B07D00C15565 /* Interests */ = {
			isa = PBXGroup;
			children = (
				C6E4772D18F4B09500C15565 /* IJTInterestsViewController.h */,
				C6E4772E18F4B09500C15565 /* IJTInterestsViewController.m */,
			);
			name = Interests;
			sourceTree = "<group>";
		};
		C6E4773018F4B0D600C15565 /* TWRProgressView */ = {
			isa = PBXGroup;
			children = (
				C6E4773118F4B0D600C15565 /* TWRProgressView.h */,
				C6E4773218F4B0D600C15565 /* TWRProgressView.m */,
			);
			path = TWRProgressView;
			sourceTree = "<group>";
		};
		E6F6B0FC18A7E568002B3092 = {
			isa = PBXGroup;
			children = (
				E6F6B10E18A7E568002B3092 /* IsaiahJTurner */,
				E6F6B12D18A7E568002B3092 /* FlappyBlockTests */,
				E6F6B10718A7E568002B3092 /* Frameworks */,
				E6F6B10618A7E568002B3092 /* Products */,
			);
			sourceTree = "<group>";
		};
		E6F6B10618A7E568002B3092 /* Products */ = {
			isa = PBXGroup;
			children = (
				E6F6B10518A7E568002B3092 /* IsaiahJTurner.app */,
				E6F6B12618A7E568002B3092 /* IsaiahJTurnerTests.xctest */,
			);
			name = Products;
			sourceTree = "<group>";
		};
		E6F6B10718A7E568002B3092 /* Frameworks */ = {
			isa = PBXGroup;
			children = (
				C6E4772618F49CBF00C15565 /* MapKit.framework */,
				C6E4772418F49CBA00C15565 /* CoreLocation.framework */,
				E6F6B10818A7E568002B3092 /* Foundation.framework */,
				E6F6B10A18A7E568002B3092 /* CoreGraphics.framework */,
				E6F6B10C18A7E568002B3092 /* UIKit.framework */,
				E6F6B12718A7E568002B3092 /* XCTest.framework */,
			);
			name = Frameworks;
			sourceTree = "<group>";
		};
		E6F6B10E18A7E568002B3092 /* IsaiahJTurner */ = {
			isa = PBXGroup;
			children = (
				C67BC8EE18EE6F0000B426A3 /* Core Files */,
				C67BC8ED18EE6EF400B426A3 /* Views */,
				C67BC8D618EE0C9900B426A3 /* Libraries */,
				C67BC8D318EE03B100B426A3 /* Images */,
				E6F6B12018A7E568002B3092 /* Images.xcassets */,
				E6F6B10F18A7E568002B3092 /* Supporting Files */,
			);
			path = IsaiahJTurner;
			sourceTree = "<group>";
		};
		E6F6B10F18A7E568002B3092 /* Supporting Files */ = {
			isa = PBXGroup;
			children = (
				E6F6B11018A7E568002B3092 /* IsaiahJTurner-Info.plist */,
				E6F6B11118A7E568002B3092 /* InfoPlist.strings */,
				E6F6B11418A7E568002B3092 /* main.m */,
				E6F6B11618A7E568002B3092 /* IsaiahJTurner-Prefix.pch */,
			);
			name = "Supporting Files";
			sourceTree = "<group>";
		};
		E6F6B12D18A7E568002B3092 /* FlappyBlockTests */ = {
			isa = PBXGroup;
			children = (
				E6F6B13318A7E568002B3092 /* FlappyBlockTests.m */,
				E6F6B12E18A7E568002B3092 /* Supporting Files */,
			);
			path = FlappyBlockTests;
			sourceTree = "<group>";
		};
		E6F6B12E18A7E568002B3092 /* Supporting Files */ = {
			isa = PBXGroup;
			children = (
				E6F6B12F18A7E568002B3092 /* IsaiahJTurnerTests-Info.plist */,
				E6F6B13018A7E568002B3092 /* InfoPlist.strings */,
			);
			name = "Supporting Files";
			sourceTree = "<group>";
		};
/* End PBXGroup section */

/* Begin PBXNativeTarget section */
		E6F6B10418A7E568002B3092 /* IsaiahJTurner */ = {
			isa = PBXNativeTarget;
			buildConfigurationList = E6F6B13718A7E568002B3092 /* Build configuration list for PBXNativeTarget "IsaiahJTurner" */;
			buildPhases = (
				E6F6B10118A7E568002B3092 /* Sources */,
				E6F6B10218A7E568002B3092 /* Frameworks */,
				E6F6B10318A7E568002B3092 /* Resources */,
			);
			buildRules = (
			);
			dependencies = (
			);
			name = IsaiahJTurner;
			productName = FlappyBlock;
			productReference = E6F6B10518A7E568002B3092 /* IsaiahJTurner.app */;
			productType = "com.apple.product-type.application";
		};
		E6F6B12518A7E568002B3092 /* IsaiahJTurnerTests */ = {
			isa = PBXNativeTarget;
			buildConfigurationList = E6F6B13A18A7E568002B3092 /* Build configuration list for PBXNativeTarget "IsaiahJTurnerTests" */;
			buildPhases = (
				E6F6B12218A7E568002B3092 /* Sources */,
				E6F6B12318A7E568002B3092 /* Frameworks */,
				E6F6B12418A7E568002B3092 /* Resources */,
			);
			buildRules = (
			);
			dependencies = (
				E6F6B12C18A7E568002B3092 /* PBXTargetDependency */,
			);
			name = IsaiahJTurnerTests;
			productName = FlappyBlockTests;
			productReference = E6F6B12618A7E568002B3092 /* IsaiahJTurnerTests.xctest */;
			productType = "com.apple.product-type.bundle.unit-test";
		};
/* End PBXNativeTarget section */

/* Begin PBXProject section */
		E6F6B0FD18A7E568002B3092 /* Project object */ = {
			isa = PBXProject;
			attributes = {
				CLASSPREFIX = IJT;
				LastUpgradeCheck = 0510;
				ORGANIZATIONNAME = "Isaiah J Turner";
				TargetAttributes = {
					E6F6B12518A7E568002B3092 = {
						TestTargetID = E6F6B10418A7E568002B3092;
					};
				};
			};
			buildConfigurationList = E6F6B10018A7E568002B3092 /* Build configuration list for PBXProject "IsaiahJTurner" */;
			compatibilityVersion = "Xcode 3.2";
			developmentRegion = English;
			hasScannedForEncodings = 0;
			knownRegions = (
				en,
				Base,
			);
			mainGroup = E6F6B0FC18A7E568002B3092;
			productRefGroup = E6F6B10618A7E568002B3092 /* Products */;
			projectDirPath = "";
			projectRoot = "";
			targets = (
				E6F6B10418A7E568002B3092 /* IsaiahJTurner */,
				E6F6B12518A7E568002B3092 /* IsaiahJTurnerTests */,
			);
		};
/* End PBXProject section */

/* Begin PBXResourcesBuildPhase section */
		E6F6B10318A7E568002B3092 /* Resources */ = {
			isa = PBXResourcesBuildPhase;
			buildActionMask = 2147483647;
			files = (
				E6F6B12118A7E568002B3092 /* Images.xcassets in Resources */,
				C64B5BB518F36009006FC9C7 /* school-128.png in Resources */,
				C67BC8D218EE03A500B426A3 /* wwdc.png in Resources */,
				C61CAEEB18F4ED3500CD9A84 /* logo-2.png in Resources */,
				C64B5BB718F36023006FC9C7 /* stack_of_photos-128.png in Resources */,
				C6A558CA18F385C4002FC33A /* sail_boat-128.png in Resources */,
				C64B5BCE18F36114006FC9C7 /* toolbox-128.png in Resources */,
				C64B5BB318F35FC0006FC9C7 /* clock-128.png in Resources */,
				C64B5BA518F351D3006FC9C7 /* _71H5096_1.jpg in Resources */,
				E6F6B11318A7E568002B3092 /* InfoPlist.strings in Resources */,
				C67BC8F918EE721000B426A3 /* 1483631_571364619598923_1123829356_o.jpg in Resources */,
				C61CAEE918F4E08E00CD9A84 /* up-128.png in Resources */,
				E6F6B11C18A7E568002B3092 /* Main.storyboard in Resources */,
				C61CAEE318F4C36C00CD9A84 /* IMG_0351.png in Resources */,
				C67BC8D518EE058D00B426A3 /* bobble.png in Resources */,
				C6A558CC18F38631002FC33A /* user_male3-128.png in Resources */,
				C64B5BB918F36041006FC9C7 /* trophy-128.png in Resources */,
			);
			runOnlyForDeploymentPostprocessing = 0;
		};
		E6F6B12418A7E568002B3092 /* Resources */ = {
			isa = PBXResourcesBuildPhase;
			buildActionMask = 2147483647;
			files = (
				E6F6B13218A7E568002B3092 /* InfoPlist.strings in Resources */,
			);
			runOnlyForDeploymentPostprocessing = 0;
		};
/* End PBXResourcesBuildPhase section */

/* Begin PBXSourcesBuildPhase section */
		E6F6B10118A7E568002B3092 /* Sources */ = {
			isa = PBXSourcesBuildPhase;
			buildActionMask = 2147483647;
			files = (
				C6A558D018F39A8C002FC33A /* IJTAboutMeViewController.m in Sources */,
				C6A558DD18F49120002FC33A /* IJTSailingInstructorViewController.m in Sources */,
				C67BC8E018EE11CF00B426A3 /* IJTBottomView.m in Sources */,
				E6F6B11918A7E568002B3092 /* IJTAppDelegate.m in Sources */,
				C67BC8E618EE371D00B426A3 /* IJTLifeEventsDataSource.m in Sources */,
				C6A558D718F490F3002FC33A /* IJTSpecialOlympicsViewController.m in Sources */,
				C6A558E018F4913F002FC33A /* IJTVarsitySailingViewController.m in Sources */,
				C61CAEE718F4D3B000CD9A84 /* IJTSkillsViewController.m in Sources */,
				C67BC8DA18EE0CB200B426A3 /* PullableView.m in Sources */,
				C64B5BA818F35237006FC9C7 /* FXBlurView.m in Sources */,
				C64B5BB118F356E9006FC9C7 /* SKBounceAnimation.m in Sources */,
				C67BC8FC18EF4EBE00B426A3 /* IJTUnlockViewController.m in Sources */,
				E6F6B11F18A7E568002B3092 /* IJTViewController.m in Sources */,
				C6E4772F18F4B09500C15565 /* IJTInterestsViewController.m in Sources */,
				C67BC8E318EE259300B426A3 /* IJTMyWebsiteViewController.m in Sources */,
				E6F6B11518A7E568002B3092 /* main.m in Sources */,
				C6A558DA18F49102002FC33A /* IJTMyAgeViewController.m in Sources */,
				C67BC8EC18EE3EFA00B426A3 /* IJTBottomViewController.m in Sources */,
				C6E4772B18F49D8000C15565 /* IJTMapViewAnnotation.m in Sources */,
				C64B5BAE18F356DB006FC9C7 /* ScaleBounceController.m in Sources */,
				C6A558D418F490C7002FC33A /* IJTMyLocationViewController.m in Sources */,
				C67BC8E918EE388A00B426A3 /* IJTLifeEventObject.m in Sources */,
				C6E4773318F4B0D600C15565 /* TWRProgressView.m in Sources */,
			);
			runOnlyForDeploymentPostprocessing = 0;
		};
		E6F6B12218A7E568002B3092 /* Sources */ = {
			isa = PBXSourcesBuildPhase;
			buildActionMask = 2147483647;
			files = (
				E6F6B13418A7E568002B3092 /* FlappyBlockTests.m in Sources */,
			);
			runOnlyForDeploymentPostprocessing = 0;
		};
/* End PBXSourcesBuildPhase section */

/* Begin PBXTargetDependency section */
		E6F6B12C18A7E568002B3092 /* PBXTargetDependency */ = {
			isa = PBXTargetDependency;
			target = E6F6B10418A7E568002B3092 /* IsaiahJTurner */;
			targetProxy = E6F6B12B18A7E568002B3092 /* PBXContainerItemProxy */;
		};
/* End PBXTargetDependency section */

/* Begin PBXVariantGroup section */
		E6F6B11118A7E568002B3092 /* InfoPlist.strings */ = {
			isa = PBXVariantGroup;
			children = (
				E6F6B11218A7E568002B3092 /* en */,
			);
			name = InfoPlist.strings;
			sourceTree = "<group>";
		};
		E6F6B11A18A7E568002B3092 /* Main.storyboard */ = {
			isa = PBXVariantGroup;
			children = (
				E6F6B11B18A7E568002B3092 /* Base */,
			);
			name = Main.storyboard;
			sourceTree = "<group>";
		};
		E6F6B13018A7E568002B3092 /* InfoPlist.strings */ = {
			isa = PBXVariantGroup;
			children = (
				E6F6B13118A7E568002B3092 /* en */,
			);
			name = InfoPlist.strings;
			sourceTree = "<group>";
		};
/* End PBXVariantGroup section */

/* Begin XCBuildConfiguration section */
		E6F6B13518A7E568002B3092 /* Debug */ = {
			isa = XCBuildConfiguration;
			buildSettings = {
				ALWAYS_SEARCH_USER_PATHS = NO;
				CLANG_CXX_LANGUAGE_STANDARD = "gnu++0x";
				CLANG_CXX_LIBRARY = "libc++";
				CLANG_ENABLE_MODULES = YES;
				CLANG_ENABLE_OBJC_ARC = YES;
				CLANG_WARN_BOOL_CONVERSION = YES;
				CLANG_WARN_CONSTANT_CONVERSION = YES;
				CLANG_WARN_DIRECT_OBJC_ISA_USAGE = YES_ERROR;
				CLANG_WARN_EMPTY_BODY = YES;
				CLANG_WARN_ENUM_CONVERSION = YES;
				CLANG_WARN_INT_CONVERSION = YES;
				CLANG_WARN_OBJC_ROOT_CLASS = YES_ERROR;
				CLANG_WARN__DUPLICATE_METHOD_MATCH = YES;
				"CODE_SIGN_IDENTITY[sdk=iphoneos*]" = "iPhone Developer";
				COPY_PHASE_STRIP = NO;
				GCC_C_LANGUAGE_STANDARD = gnu99;
				GCC_DYNAMIC_NO_PIC = NO;
				GCC_OPTIMIZATION_LEVEL = 0;
				GCC_PREPROCESSOR_DEFINITIONS = (
					"DEBUG=1",
					"$(inherited)",
				);
				GCC_SYMBOLS_PRIVATE_EXTERN = NO;
				GCC_WARN_64_TO_32_BIT_CONVERSION = YES;
				GCC_WARN_ABOUT_RETURN_TYPE = YES_ERROR;
				GCC_WARN_UNDECLARED_SELECTOR = YES;
				GCC_WARN_UNINITIALIZED_AUTOS = YES;
				GCC_WARN_UNUSED_FUNCTION = YES;
				GCC_WARN_UNUSED_VARIABLE = YES;
				IPHONEOS_DEPLOYMENT_TARGET = 7.0;
				ONLY_ACTIVE_ARCH = YES;
				SDKROOT = iphoneos;
			};
			name = Debug;
		};
		E6F6B13618A7E568002B3092 /* Release */ = {
			isa = XCBuildConfiguration;
			buildSettings = {
				ALWAYS_SEARCH_USER_PATHS = NO;
				CLANG_CXX_LANGUAGE_STANDARD = "gnu++0x";
				CLANG_CXX_LIBRARY = "libc++";
				CLANG_ENABLE_MODULES = YES;
				CLANG_ENABLE_OBJC_ARC = YES;
				CLANG_WARN_BOOL_CONVERSION = YES;
				CLANG_WARN_CONSTANT_CONVERSION = YES;
				CLANG_WARN_DIRECT_OBJC_ISA_USAGE = YES_ERROR;
				CLANG_WARN_EMPTY_BODY = YES;
				CLANG_WARN_ENUM_CONVERSION = YES;
				CLANG_WARN_INT_CONVERSION = YES;
				CLANG_WARN_OBJC_ROOT_CLASS = YES_ERROR;
				CLANG_WARN__DUPLICATE_METHOD_MATCH = YES;
				"CODE_SIGN_IDENTITY[sdk=iphoneos*]" = "iPhone Developer";
				COPY_PHASE_STRIP = YES;
				ENABLE_NS_ASSERTIONS = NO;
				GCC_C_LANGUAGE_STANDARD = gnu99;
				GCC_WARN_64_TO_32_BIT_CONVERSION = YES;
				GCC_WARN_ABOUT_RETURN_TYPE = YES_ERROR;
				GCC_WARN_UNDECLARED_SELECTOR = YES;
				GCC_WARN_UNINITIALIZED_AUTOS = YES;
				GCC_WARN_UNUSED_FUNCTION = YES;
				GCC_WARN_UNUSED_VARIABLE = YES;
				IPHONEOS_DEPLOYMENT_TARGET = 7.0;
				SDKROOT = iphoneos;
				VALIDATE_PRODUCT = YES;
			};
			name = Release;
		};
		E6F6B13818A7E568002B3092 /* Debug */ = {
			isa = XCBuildConfiguration;
			buildSettings = {
				ASSETCATALOG_COMPILER_APPICON_NAME = AppIcon;
				ASSETCATALOG_COMPILER_LAUNCHIMAGE_NAME = LaunchImage;
				GCC_PRECOMPILE_PREFIX_HEADER = YES;
				GCC_PREFIX_HEADER = "FlappyBlock/IsaiahJTurner-Prefix.pch";
				INFOPLIST_FILE = "FlappyBlock/IsaiahJTurner-Info.plist";
				PRODUCT_NAME = IsaiahJTurner;
				WRAPPER_EXTENSION = app;
			};
			name = Debug;
		};
		E6F6B13918A7E568002B3092 /* Release */ = {
			isa = XCBuildConfiguration;
			buildSettings = {
				ASSETCATALOG_COMPILER_APPICON_NAME = AppIcon;
				ASSETCATALOG_COMPILER_LAUNCHIMAGE_NAME = LaunchImage;
				GCC_PRECOMPILE_PREFIX_HEADER = YES;
				GCC_PREFIX_HEADER = "FlappyBlock/IsaiahJTurner-Prefix.pch";
				INFOPLIST_FILE = "FlappyBlock/IsaiahJTurner-Info.plist";
				PRODUCT_NAME = IsaiahJTurner;
				WRAPPER_EXTENSION = app;
			};
			name = Release;
		};
		E6F6B13B18A7E568002B3092 /* Debug */ = {
			isa = XCBuildConfiguration;
			buildSettings = {
				BUNDLE_LOADER = "$(BUILT_PRODUCTS_DIR)/FlappyBlock.app/FlappyBlock";
				FRAMEWORK_SEARCH_PATHS = (
					"$(SDKROOT)/Developer/Library/Frameworks",
					"$(inherited)",
					"$(DEVELOPER_FRAMEWORKS_DIR)",
				);
				GCC_PRECOMPILE_PREFIX_HEADER = YES;
				GCC_PREFIX_HEADER = "FlappyBlock/FlappyBlock-Prefix.pch";
				GCC_PREPROCESSOR_DEFINITIONS = (
					"DEBUG=1",
					"$(inherited)",
				);
				INFOPLIST_FILE = "FlappyBlockTests/IsaiahJTurnerTests-Info.plist";
				PRODUCT_NAME = IsaiahJTurnerTests;
				TEST_HOST = "$(BUNDLE_LOADER)";
				WRAPPER_EXTENSION = xctest;
			};
			name = Debug;
		};
		E6F6B13C18A7E568002B3092 /* Release */ = {
			isa = XCBuildConfiguration;
			buildSettings = {
				BUNDLE_LOADER = "$(BUILT_PRODUCTS_DIR)/FlappyBlock.app/FlappyBlock";
				FRAMEWORK_SEARCH_PATHS = (
					"$(SDKROOT)/Developer/Library/Frameworks",
					"$(inherited)",
					"$(DEVELOPER_FRAMEWORKS_DIR)",
				);
				GCC_PRECOMPILE_PREFIX_HEADER = YES;
				GCC_PREFIX_HEADER = "FlappyBlock/FlappyBlock-Prefix.pch";
				INFOPLIST_FILE = "FlappyBlockTests/IsaiahJTurnerTests-Info.plist";
				PRODUCT_NAME = IsaiahJTurnerTests;
				TEST_HOST = "$(BUNDLE_LOADER)";
				WRAPPER_EXTENSION = xctest;
			};
			name = Release;
		};
/* End XCBuildConfiguration section */

/* Begin XCConfigurationList section */
		E6F6B10018A7E568002B3092 /* Build configuration list for PBXProject "IsaiahJTurner" */ = {
			isa = XCConfigurationList;
			buildConfigurations = (
				E6F6B13518A7E568002B3092 /* Debug */,
				E6F6B13618A7E568002B3092 /* Release */,
			);
			defaultConfigurationIsVisible = 0;
			defaultConfigurationName = Release;
		};
		E6F6B13718A7E568002B3092 /* Build configuration list for PBXNativeTarget "IsaiahJTurner" */ = {
			isa = XCConfigurationList;
			buildConfigurations = (
				E6F6B13818A7E568002B3092 /* Debug */,
				E6F6B13918A7E568002B3092 /* Release */,
			);
			defaultConfigurationIsVisible = 0;
			defaultConfigurationName = Release;
		};
		E6F6B13A18A7E568002B3092 /* Build configuration list for PBXNativeTarget "IsaiahJTurnerTests" */ = {
			isa = XCConfigurationList;
			buildConfigurations = (
				E6F6B13B18A7E568002B3092 /* Debug */,
				E6F6B13C18A7E568002B3092 /* Release */,
			);
			defaultConfigurationIsVisible = 0;
			defaultConfigurationName = Release;
		};
/* End XCConfigurationList section */
	};
	rootObject = E6F6B0FD18A7E568002B3092 /* Project object */;
}
